
Microsoft Visual Studio Solution File, Format Version 12.00
# Visual Studio 15
Project("{FAE04EC0-301F-11D3-BF4B-00C04F79EFBC}") = "MarkdownDemo", "MarkdownDemo\MarkdownDemo.csproj", "{D38D4966-2241-4AFE-A196-045E14385A9A}"
EndProject
Project("{FAE04EC0-301F-11D3-BF4B-00C04F79EFBC}") = "MarkdownDemo.Droid", "Droid\MarkdownDemo.Droid.csproj", "{4CF78E93-A17D-45CB-9547-2B50FB809ECC}"
EndProject
Project("{FAE04EC0-301F-11D3-BF4B-00C04F79EFBC}") = "MarkdownDemo.iOS", "iOS\MarkdownDemo.iOS.csproj", "{844D7BEF-6737-49DC-9966-6CB11F1B345C}"
EndProject
Global
	GlobalSection(SolutionConfigurationPlatforms) = preSolution
		Debug|Any CPU = Debug|Any CPU
		Release|Any CPU = Release|Any CPU
		Debug|iPhoneSimulator = Debug|iPhoneSimulator
		Release|iPhone = Release|iPhone
		Release|iPhoneSimulator = Release|iPhoneSimulator
		Debug|iPhone = Debug|iPhone
	EndGlobalSection
	GlobalSection(ProjectConfigurationPlatforms) = postSolution
		{D38D4966-2241-4AFE-A196-045E14385A9A}.Debug|Any CPU.ActiveCfg = Debug|Any CPU
		{D38D4966-2241-4AFE-A196-045E14385A9A}.Debug|Any CPU.Build.0 = Debug|Any CPU
		{D38D4966-2241-4AFE-A196-045E14385A9A}.Release|Any CPU.ActiveCfg = Release|Any CPU
		{D38D4966-2241-4AFE-A196-045E14385A9A}.Release|Any CPU.Build.0 = Release|Any CPU
		{D38D4966-2241-4AFE-A196-045E14385A9A}.Debug|iPhoneSimulator.ActiveCfg = Debug|Any CPU
		{D38D4966-2241-4AFE-A196-045E14385A9A}.Debug|iPhoneSimulator.Build.0 = Debug|Any CPU
		{D38D4966-2241-4AFE-A196-045E14385A9A}.Release|iPhone.ActiveCfg = Release|Any CPU
		{D38D4966-2241-4AFE-A196-045E14385A9A}.Release|iPhone.Build.0 = Release|Any CPU
		{D38D4966-2241-4AFE-A196-045E14385A9A}.Release|iPhoneSimulator.ActiveCfg = Release|Any CPU
		{D38D4966-2241-4AFE-A196-045E14385A9A}.Release|iPhoneSimulator.Build.0 = Release|Any CPU
		{D38D4966-2241-4AFE-A196-045E14385A9A}.Debug|iPhone.ActiveCfg = Debug|Any CPU
		{D38D4966-2241-4AFE-A196-045E14385A9A}.Debug|iPhone.Build.0 = Debug|Any CPU
		{4CF78E93-A17D-45CB-9547-2B50FB809ECC}.Debug|Any CPU.ActiveCfg = Debug|Any CPU
		{4CF78E93-A17D-45CB-9547-2B50FB809ECC}.Debug|Any CPU.Build.0 = Debug|Any CPU
		{4CF78E93-A17D-45CB-9547-2B50FB809ECC}.Release|Any CPU.ActiveCfg = Release|Any CPU
		{4CF78E93-A17D-45CB-9547-2B50FB809ECC}.Release|Any CPU.Build.0 = Release|Any CPU
		{4CF78E93-A17D-45CB-9547-2B50FB809ECC}.Debug|iPhoneSimulator.ActiveCfg = Debug|Any CPU
		{4CF78E93-A17D-45CB-9547-2B50FB809ECC}.Debug|iPhoneSimulator.Build.0 = Debug|Any CPU
		{4CF78E93-A17D-45CB-9547-2B50FB809ECC}.Release|iPhone.ActiveCfg = Release|Any CPU
		{4CF78E93-A17D-45CB-9547-2B50FB809ECC}.Release|iPhone.Build.0 = Release|Any CPU
		{4CF78E93-A17D-45CB-9547-2B50FB809ECC}.Release|iPhoneSimulator.ActiveCfg = Release|Any CPU
		{4CF78E93-A17D-45CB-9547-2B50FB809ECC}.Release|iPhoneSimulator.Build.0 = Release|Any CPU
		{4CF78E93-A17D-45CB-9547-2B50FB809ECC}.Debug|iPhone.ActiveCfg = Debug|Any CPU
		{4CF78E93-A17D-45CB-9547-2B50FB809ECC}.Debug|iPhone.Build.0 = Debug|Any CPU
		{844D7BEF-6737-49DC-9966-6CB11F1B345C}.Debug|Any CPU.ActiveCfg = Debug|iPhoneSimulator
		{844D7BEF-6737-49DC-9966-6CB11F1B345C}.Debug|Any CPU.Build.0 = Debug|iPhoneSimulator
		{844D7BEF-6737-49DC-9966-6CB11F1B345C}.Release|Any CPU.ActiveCfg = Release|iPhone
		{844D7BEF-6737-49DC-9966-6CB11F1B345C}.Release|Any CPU.Build.0 = Release|iPhone
		{844D7BEF-6737-49DC-9966-6CB11F1B345C}.Debug|iPhoneSimulator.ActiveCfg = Debug|iPhoneSimulator
		{844D7BEF-6737-49DC-9966-6CB11F1B345C}.Debug|iPhoneSimulator.Build.0 = Debug|iPhoneSimulator
		{844D7BEF-6737-49DC-9966-6CB11F1B345C}.Release|iPhone.ActiveCfg = Release|iPhone
		{844D7BEF-6737-49DC-9966-6CB11F1B345C}.Release|iPhone.Build.0 = Release|iPhone
		{844D7BEF-6737-49DC-9966-6CB11F1B345C}.Release|iPhoneSimulator.ActiveCfg = Release|iPhoneSimulator
		{844D7BEF-6737-49DC-9966-6CB11F1B345C}.Release|iPhoneSimulator.Build.0 = Release|iPhoneSimulator
		{844D7BEF-6737-49DC-9966-6CB11F1B345C}.Debug|iPhone.ActiveCfg = Debug|iPhone
		{844D7BEF-6737-49DC-9966-6CB11F1B345C}.Debug|iPhone.Build.0 = Debug|iPhone
	EndGlobalSection
EndGlobal
